
Microsoft Visual Studio Solution File, Format Version 12.00
# Visual Studio Version 16
VisualStudioVersion = 16.0.30804.86
MinimumVisualStudioVersion = 10.0.40219.1
Project("{FAE04EC0-301F-11D3-BF4B-00C04F79EFBC}") = "SampleAPI", "SampleAPI\SampleAPI.csproj", "{BCD4FA44-8392-4D4D-949E-79C72256082D}"
EndProject
Project("{FAE04EC0-301F-11D3-BF4B-00C04F79EFBC}") = "Data", "Entities\Data.csproj", "{769BE51D-DC85-4048-9227-3EEA63D39F2E}"
EndProject
Global
	GlobalSection(SolutionConfigurationPlatforms) = preSolution
		Debug|Any CPU = Debug|Any CPU
		Release|Any CPU = Release|Any CPU
	EndGlobalSection
	GlobalSection(ProjectConfigurationPlatforms) = postSolution
		{BCD4FA44-8392-4D4D-949E-79C72256082D}.Debug|Any CPU.ActiveCfg = Debug|Any CPU
		{BCD4FA44-8392-4D4D-949E-79C72256082D}.Debug|Any CPU.Build.0 = Debug|Any CPU
		{BCD4FA44-8392-4D4D-949E-79C72256082D}.Release|Any CPU.ActiveCfg = Release|Any CPU
		{BCD4FA44-8392-4D4D-949E-79C72256082D}.Release|Any CPU.Build.0 = Release|Any CPU
		{769BE51D-DC85-4048-9227-3EEA63D39F2E}.Debug|Any CPU.ActiveCfg = Debug|Any CPU
		{769BE51D-DC85-4048-9227-3EEA63D39F2E}.Debug|Any CPU.Build.0 = Debug|Any CPU
		{769BE51D-DC85-4048-9227-3EEA63D39F2E}.Release|Any CPU.ActiveCfg = Release|Any CPU
		{769BE51D-DC85-4048-9227-3EEA63D39F2E}.Release|Any CPU.Build.0 = Release|Any CPU
	EndGlobalSection
	GlobalSection(SolutionProperties) = preSolution
		HideSolutionNode = FALSE
	EndGlobalSection
	GlobalSection(ExtensibilityGlobals) = postSolution
		SolutionGuid = {292EAB35-B2A6-4746-89E0-5A1922D650E8}
	EndGlobalSection
EndGlobal
